<?xml version="1.0" encoding="utf-8"?>
<Project ToolsVersion="4.0" xmlns="http://schemas.microsoft.com/developer/msbuild/2003">
  <ItemGroup>
    <ClCompile Include="src\ofApp.cpp">
      <Filter>src</Filter>
    </ClCompile>
    <ClCompile Include="src\main.cpp">
      <Filter>src</Filter>
    </ClCompile>
    <ClCompile Include="src\main.cpp">
      <Filter>src</Filter>
    </ClCompile>
    <ClCompile Include="src\ofApp.cpp">
      <Filter>src</Filter>
    </ClCompile>
    <ClCompile Include="..\..\..\addons\ofxGestures\src\ofxTrickyGestures.cpp">
      <Filter>addons\ofxGestures\src</Filter>
    </ClCompile>
    <ClCompile Include="..\..\..\addons\ofxOsc\src\ofxOscBundle.cpp">
      <Filter>addons\ofxOsc\src</Filter>
    </ClCompile>
    <ClCompile Include="..\..\..\addons\ofxOsc\src\ofxOscMessage.cpp">
      <Filter>addons\ofxOsc\src</Filter>
    </ClCompile>
    <ClCompile Include="..\..\..\addons\ofxOsc\src\ofxOscParameterSync.cpp">
      <Filter>addons\ofxOsc\src</Filter>
    </ClCompile>
    <ClCompile Include="..\..\..\addons\ofxOsc\src\ofxOscReceiver.cpp">
      <Filter>addons\ofxOsc\src</Filter>
    </ClCompile>
    <ClCompile Include="..\..\..\addons\ofxOsc\src\ofxOscSender.cpp">
      <Filter>addons\ofxOsc\src</Filter>
    </ClCompile>
    <ClCompile Include="..\..\..\addons\ofxOsc\libs\oscpack\src\ip\IpEndpointName.cpp">
      <Filter>addons\ofxOsc\libs\oscpack\src\ip</Filter>
    </ClCompile>
    <ClCompile Include="..\..\..\addons\ofxOsc\libs\oscpack\src\ip\win32\NetworkingUtils.cpp">
      <Filter>addons\ofxOsc\libs\oscpack\src\ip\win32</Filter>
    </ClCompile>
    <ClCompile Include="..\..\..\addons\ofxOsc\libs\oscpack\src\ip\win32\UdpSocket.cpp">
      <Filter>addons\ofxOsc\libs\oscpack\src\ip\win32</Filter>
    </ClCompile>
    <ClCompile Include="..\..\..\addons\ofxOsc\libs\oscpack\src\osc\OscOutboundPacketStream.cpp">
      <Filter>addons\ofxOsc\libs\oscpack\src\osc</Filter>
    </ClCompile>
    <ClCompile Include="..\..\..\addons\ofxOsc\libs\oscpack\src\osc\OscPrintReceivedElements.cpp">
      <Filter>addons\ofxOsc\libs\oscpack\src\osc</Filter>
    </ClCompile>
    <ClCompile Include="..\..\..\addons\ofxOsc\libs\oscpack\src\osc\OscReceivedElements.cpp">
      <Filter>addons\ofxOsc\libs\oscpack\src\osc</Filter>
    </ClCompile>
    <ClCompile Include="..\..\..\addons\ofxOsc\libs\oscpack\src\osc\OscTypes.cpp">
      <Filter>addons\ofxOsc\libs\oscpack\src\osc</Filter>
    </ClCompile>
    <ClCompile Include="..\..\..\addons\ofxSimpleTimer\src\ofxSimpleTimer.cpp">
      <Filter>addons\ofxSimpleTimer\src</Filter>
    </ClCompile>
    <ClCompile Include="..\..\..\addons\ofxStatistics\src\ofxStatistics.cpp">
      <Filter>addons\ofxStatistics\src</Filter>
    </ClCompile>
    <ClCompile Include="..\..\..\addons\ofxTuioWrapper\src\ofxTuioClient.cpp">
      <Filter>addons\ofxTuioWrapper\src</Filter>
    </ClCompile>
    <ClCompile Include="..\..\..\addons\ofxTuioWrapper\src\ofxTuioServer.cpp">
      <Filter>addons\ofxTuioWrapper\src</Filter>
    </ClCompile>
    <ClCompile Include="..\..\..\addons\ofxTuioWrapper\src\TUIO\TuioClient.cpp">
      <Filter>addons\ofxTuioWrapper\src\TUIO</Filter>
    </ClCompile>
    <ClCompile Include="..\..\..\addons\ofxTuioWrapper\src\TUIO\TuioServer.cpp">
      <Filter>addons\ofxTuioWrapper\src\TUIO</Filter>
    </ClCompile>
    <ClCompile Include="..\..\..\addons\ofxTuioWrapper\src\TUIO\TuioTime.cpp">
      <Filter>addons\ofxTuioWrapper\src\TUIO</Filter>
    </ClCompile>
  </ItemGroup>
  <ItemGroup>
    <Filter Include="src">
      <UniqueIdentifier>{d8376475-7454-4a24-b08a-aac121d3ad6f}</UniqueIdentifier>
    </Filter>
    <Filter Include="addons">
      <UniqueIdentifier>{71834F65-F3A9-211E-73B8-DC85}</UniqueIdentifier>
    </Filter>
    <Filter Include="addons\ofxGestures">
      <UniqueIdentifier>{A90279DE-AF70-743C-7639-5C2E}</UniqueIdentifier>
    </Filter>
    <Filter Include="addons\ofxGestures\src">
      <UniqueIdentifier>{F2284257-EFE7-726A-A4D6-F524}</UniqueIdentifier>
    </Filter>
    <Filter Include="addons\ofxOsc">
      <UniqueIdentifier>{D91DCA33-6E5D-4481-2AEC-9FBB}</UniqueIdentifier>
    </Filter>
    <Filter Include="addons\ofxOsc\src">
      <UniqueIdentifier>{B9DD339A-D93D-92A1-0A2F-4B41}</UniqueIdentifier>
    </Filter>
    <Filter Include="addons\ofxOsc\libs">
      <UniqueIdentifier>{99ECA1D9-873F-4622-8FC0-FC7B}</UniqueIdentifier>
    </Filter>
    <Filter Include="addons\ofxOsc\libs\oscpack">
      <UniqueIdentifier>{D3A98534-1602-4FEF-57A6-6593}</UniqueIdentifier>
    </Filter>
    <Filter Include="addons\ofxOsc\libs\oscpack\src">
      <UniqueIdentifier>{BFB5BB47-98C8-BBCB-3066-1046}</UniqueIdentifier>
    </Filter>
    <Filter Include="addons\ofxOsc\libs\oscpack\src\ip">
      <UniqueIdentifier>{5A029128-EB41-95C5-CBC0-CDED}</UniqueIdentifier>
    </Filter>
    <Filter Include="addons\ofxOsc\libs\oscpack\src\ip\win32">
      <UniqueIdentifier>{79DFDFE2-400B-8654-3675-01A3}</UniqueIdentifier>
    </Filter>
    <Filter Include="addons\ofxOsc\libs\oscpack\src\osc">
      <UniqueIdentifier>{EDACB89C-9768-9551-4D41-B590}</UniqueIdentifier>
    </Filter>
    <Filter Include="addons\ofxSimpleTimer">
      <UniqueIdentifier>{67B1FAFA-33D3-D829-7FCB-AD6C}</UniqueIdentifier>
    </Filter>
    <Filter Include="addons\ofxSimpleTimer\src">
      <UniqueIdentifier>{7C1F1220-3AE3-9AAB-9425-CE90}</UniqueIdentifier>
    </Filter>
    <Filter Include="addons\ofxStatistics">
      <UniqueIdentifier>{BFC43C79-DD03-5040-65C4-93A6}</UniqueIdentifier>
    </Filter>
    <Filter Include="addons\ofxStatistics\src">
      <UniqueIdentifier>{BE85DEEE-307A-EDE6-8DEB-5213}</UniqueIdentifier>
    </Filter>
    <Filter Include="addons\ofxTuioWrapper">
      <UniqueIdentifier>{493B74E7-DB7E-A4C2-A4A2-EC27}</UniqueIdentifier>
    </Filter>
    <Filter Include="addons\ofxTuioWrapper\src">
      <UniqueIdentifier>{1089B786-A967-183B-2738-2DD5}</UniqueIdentifier>
    </Filter>
    <Filter Include="addons\ofxTuioWrapper\src\TUIO">
      <UniqueIdentifier>{6BD78B73-7FEC-9439-8E8A-7854}</UniqueIdentifier>
    </Filter>
  </ItemGroup>
  <ItemGroup>
    <ClInclude Include="src\ofApp.h">
      <Filter>src</Filter>
    </ClInclude>
    <ClInclude Include="src\ofApp.h">
      <Filter>src</Filter>
    </ClInclude>
    <ClInclude Include="..\..\..\addons\ofxGestures\src\ofxTrickyGestures.h">
      <Filter>addons\ofxGestures\src</Filter>
    </ClInclude>
    <ClInclude Include="..\..\..\addons\ofxOsc\src\ofxOsc.h">
      <Filter>addons\ofxOsc\src</Filter>
    </ClInclude>
    <ClInclude Include="..\..\..\addons\ofxOsc\src\ofxOscArg.h">
      <Filter>addons\ofxOsc\src</Filter>
    </ClInclude>
    <ClInclude Include="..\..\..\addons\ofxOsc\src\ofxOscBundle.h">
      <Filter>addons\ofxOsc\src</Filter>
    </ClInclude>
    <ClInclude Include="..\..\..\addons\ofxOsc\src\ofxOscMessage.h">
      <Filter>addons\ofxOsc\src</Filter>
    </ClInclude>
    <ClInclude Include="..\..\..\addons\ofxOsc\src\ofxOscParameterSync.h">
      <Filter>addons\ofxOsc\src</Filter>
    </ClInclude>
    <ClInclude Include="..\..\..\addons\ofxOsc\src\ofxOscReceiver.h">
      <Filter>addons\ofxOsc\src</Filter>
    </ClInclude>
    <ClInclude Include="..\..\..\addons\ofxOsc\src\ofxOscSender.h">
      <Filter>addons\ofxOsc\src</Filter>
    </ClInclude>
    <ClInclude Include="..\..\..\addons\ofxOsc\libs\oscpack\src\ip\IpEndpointName.h">
      <Filter>addons\ofxOsc\libs\oscpack\src\ip</Filter>
    </ClInclude>
    <ClInclude Include="..\..\..\addons\ofxOsc\libs\oscpack\src\ip\NetworkingUtils.h">
      <Filter>addons\ofxOsc\libs\oscpack\src\ip</Filter>
    </ClInclude>
    <ClInclude Include="..\..\..\addons\ofxOsc\libs\oscpack\src\ip\PacketListener.h">
      <Filter>addons\ofxOsc\libs\oscpack\src\ip</Filter>
    </ClInclude>
    <ClInclude Include="..\..\..\addons\ofxOsc\libs\oscpack\src\ip\TimerListener.h">
      <Filter>addons\ofxOsc\libs\oscpack\src\ip</Filter>
    </ClInclude>
    <ClInclude Include="..\..\..\addons\ofxOsc\libs\oscpack\src\ip\UdpSocket.h">
      <Filter>addons\ofxOsc\libs\oscpack\src\ip</Filter>
    </ClInclude>
    <ClInclude Include="..\..\..\addons\ofxOsc\libs\oscpack\src\osc\MessageMappingOscPacketListener.h">
      <Filter>addons\ofxOsc\libs\oscpack\src\osc</Filter>
    </ClInclude>
    <ClInclude Include="..\..\..\addons\ofxOsc\libs\oscpack\src\osc\OscException.h">
      <Filter>addons\ofxOsc\libs\oscpack\src\osc</Filter>
    </ClInclude>
    <ClInclude Include="..\..\..\addons\ofxOsc\libs\oscpack\src\osc\OscHostEndianness.h">
      <Filter>addons\ofxOsc\libs\oscpack\src\osc</Filter>
    </ClInclude>
    <ClInclude Include="..\..\..\addons\ofxOsc\libs\oscpack\src\osc\OscOutboundPacketStream.h">
      <Filter>addons\ofxOsc\libs\oscpack\src\osc</Filter>
    </ClInclude>
    <ClInclude Include="..\..\..\addons\ofxOsc\libs\oscpack\src\osc\OscPacketListener.h">
      <Filter>addons\ofxOsc\libs\oscpack\src\osc</Filter>
    </ClInclude>
    <ClInclude Include="..\..\..\addons\ofxOsc\libs\oscpack\src\osc\OscPrintReceivedElements.h">
      <Filter>addons\ofxOsc\libs\oscpack\src\osc</Filter>
    </ClInclude>
    <ClInclude Include="..\..\..\addons\ofxOsc\libs\oscpack\src\osc\OscReceivedElements.h">
      <Filter>addons\ofxOsc\libs\oscpack\src\osc</Filter>
    </ClInclude>
    <ClInclude Include="..\..\..\addons\ofxOsc\libs\oscpack\src\osc\OscTypes.h">
      <Filter>addons\ofxOsc\libs\oscpack\src\osc</Filter>
    </ClInclude>
    <ClInclude Include="..\..\..\addons\ofxSimpleTimer\src\ofxSimpleTimer.h">
      <Filter>addons\ofxSimpleTimer\src</Filter>
    </ClInclude>
    <ClInclude Include="..\..\..\addons\ofxStatistics\src\ofxStatistics.h">
      <Filter>addons\ofxStatistics\src</Filter>
    </ClInclude>
    <ClInclude Include="..\..\..\addons\ofxTuioWrapper\src\ofxTuioClient.h">
      <Filter>addons\ofxTuioWrapper\src</Filter>
    </ClInclude>
    <ClInclude Include="..\..\..\addons\ofxTuioWrapper\src\ofxTuioServer.h">
      <Filter>addons\ofxTuioWrapper\src</Filter>
    </ClInclude>
    <ClInclude Include="..\..\..\addons\ofxTuioWrapper\src\TUIO\TuioClient.h">
      <Filter>addons\ofxTuioWrapper\src\TUIO</Filter>
    </ClInclude>
    <ClInclude Include="..\..\..\addons\ofxTuioWrapper\src\TUIO\TuioContainer.h">
      <Filter>addons\ofxTuioWrapper\src\TUIO</Filter>
    </ClInclude>
    <ClInclude Include="..\..\..\addons\ofxTuioWrapper\src\TUIO\TuioCursor.h">
      <Filter>addons\ofxTuioWrapper\src\TUIO</Filter>
    </ClInclude>
    <ClInclude Include="..\..\..\addons\ofxTuioWrapper\src\TUIO\TuioListener.h">
      <Filter>addons\ofxTuioWrapper\src\TUIO</Filter>
    </ClInclude>
    <ClInclude Include="..\..\..\addons\ofxTuioWrapper\src\TUIO\TuioObject.h">
      <Filter>addons\ofxTuioWrapper\src\TUIO</Filter>
    </ClInclude>
    <ClInclude Include="..\..\..\addons\ofxTuioWrapper\src\TUIO\TuioPoint.h">
      <Filter>addons\ofxTuioWrapper\src\TUIO</Filter>
    </ClInclude>
    <ClInclude Include="..\..\..\addons\ofxTuioWrapper\src\TUIO\TuioServer.h">
      <Filter>addons\ofxTuioWrapper\src\TUIO</Filter>
    </ClInclude>
    <ClInclude Include="..\..\..\addons\ofxTuioWrapper\src\TUIO\TuioTime.h">
      <Filter>addons\ofxTuioWrapper\src\TUIO</Filter>
    </ClInclude>
    <ClInclude Include="..\..\..\addons\ofxTuioWrapper\src\TUIO\unistd.h">
      <Filter>addons\ofxTuioWrapper\src\TUIO</Filter>
    </ClInclude>
  </ItemGroup>
  <ItemGroup>
    <ResourceCompile Include="icon.rc" />
  </ItemGroup>
</Project>